
Microsoft Visual Studio Solution File, Format Version 12.00
# Visual Studio Version 17
VisualStudioVersion = 17.14.36301.6
MinimumVisualStudioVersion = 10.0.40219.1
Project("{FAE04EC0-301F-11D3-BF4B-00C04F79EFBC}") = "WeatherMicroservice", "WeatherMiccroservice\WeatherMicroservice.csproj", "{603589EA-446E-4ADE-8ADE-2588ABE0B8AB}"
EndProject
Global
	GlobalSection(SolutionConfigurationPlatforms) = preSolution
		Debug|Any CPU = Debug|Any CPU
		Release|Any CPU = Release|Any CPU
	EndGlobalSection
	GlobalSection(ProjectConfigurationPlatforms) = postSolution
		{603589EA-446E-4ADE-8ADE-2588ABE0B8AB}.Debug|Any CPU.ActiveCfg = Debug|Any CPU
		{603589EA-446E-4ADE-8ADE-2588ABE0B8AB}.Debug|Any CPU.Build.0 = Debug|Any CPU
		{603589EA-446E-4ADE-8ADE-2588ABE0B8AB}.Release|Any CPU.ActiveCfg = Release|Any CPU
		{603589EA-446E-4ADE-8ADE-2588ABE0B8AB}.Release|Any CPU.Build.0 = Release|Any CPU
	EndGlobalSection
	GlobalSection(SolutionProperties) = preSolution
		HideSolutionNode = FALSE
	EndGlobalSection
	GlobalSection(ExtensibilityGlobals) = postSolution
		SolutionGuid = {A666E6F1-9199-4D62-97B8-5C2020B365E8}
	EndGlobalSection
EndGlobal
